PODS:
  - Alamofire (4.0.0)
  - AlamofireActivityLogger (2.1.0):
    - Alamofire (~> 4.0)

DEPENDENCIES:
  - Alamofire (~> 4.0)
  - AlamofireActivityLogger (from `.`)

EXTERNAL SOURCES:
  AlamofireActivityLogger:
    :path: .

SPEC CHECKSUMS:
  Alamofire: fef59f00388f267e52d9b432aa5d93dc97190f14
  AlamofireActivityLogger: cf3da15078a8b6d82d64d87c547900bf9e45b14e

PODFILE CHECKSUM: fd643fe9aac644d3a7b5e223324018389d29e857

COCOAPODS: 1.1.0.rc.3
