PODS:
  - Alamofire (4.0.0)
  - AlamofireActivityLogger (2.0.0):
    - Alamofire (~> 4.0)

DEPENDENCIES:
  - Alamofire (~> 4.0)
  - AlamofireActivityLogger (from `.`)

EXTERNAL SOURCES:
  AlamofireActivityLogger:
    :path: .

SPEC CHECKSUMS:
  Alamofire: fef59f00388f267e52d9b432aa5d93dc97190f14
  AlamofireActivityLogger: 5c7e5dedb75de8b049217dc5c7f2b5529d80ff33

PODFILE CHECKSUM: 6e8e1273159aeb61c37613718e85bd46336932df

COCOAPODS: 1.1.0.rc.3
