PODS:
  - Alamofire (4.2.0)
  - AlamofireActivityLogger (2.3.1):
    - Alamofire (~> 4.2)

DEPENDENCIES:
  - Alamofire (~> 4.2)
  - AlamofireActivityLogger (from `.`)

EXTERNAL SOURCES:
  AlamofireActivityLogger:
    :path: .

SPEC CHECKSUMS:
  Alamofire: aa2e09d871c9160ac53c90e83c68064a94e3dfbe
  AlamofireActivityLogger: 72c062bb75a39485d766f7ecaa299baba6d1f66a

PODFILE CHECKSUM: 2271cba411210186c460c3da627cfc6a8faea522

COCOAPODS: 1.2.0.beta.1
