// !$*UTF8*$!
{
	archiveVersion = 1;
	classes = {
	};
	objectVersion = 46;
	objects = {

/* Begin PBXBuildFile section */
		1727FBF67B67953E042641C6 /* Pods_alamofire_activity_logger_tvos.framework in Frameworks */ = {isa = PBXBuildFile; fileRef = 98B8CAE22756986A46C3F1B6 /* Pods_alamofire_activity_logger_tvos.framework */; };
		321C5A081CFC18BB0012B3AB /* AppDelegate.swift in Sources */ = {isa = PBXBuildFile; fileRef = 321C5A071CFC18BB0012B3AB /* AppDelegate.swift */; };
		321C5A0A1CFC18BB0012B3AB /* ViewController.swift in Sources */ = {isa = PBXBuildFile; fileRef = 321C5A091CFC18BB0012B3AB /* ViewController.swift */; };
		321C5A0D1CFC18BB0012B3AB /* Main.storyboard in Resources */ = {isa = PBXBuildFile; fileRef = 321C5A0B1CFC18BB0012B3AB /* Main.storyboard */; };
		321C5A0F1CFC18BB0012B3AB /* Assets.xcassets in Resources */ = {isa = PBXBuildFile; fileRef = 321C5A0E1CFC18BB0012B3AB /* Assets.xcassets */; };
		321C5A121CFC18BB0012B3AB /* LaunchScreen.storyboard in Resources */ = {isa = PBXBuildFile; fileRef = 321C5A101CFC18BB0012B3AB /* LaunchScreen.storyboard */; };
		324596131DB7F51300589CDF /* Default-568h@2x.png in Resources */ = {isa = PBXBuildFile; fileRef = 324596121DB7F51300589CDF /* Default-568h@2x.png */; };
		3266F7A81DB7F65800439950 /* AppDelegate.swift in Sources */ = {isa = PBXBuildFile; fileRef = 3266F7A71DB7F65800439950 /* AppDelegate.swift */; };
		3266F7AA1DB7F65800439950 /* ViewController.swift in Sources */ = {isa = PBXBuildFile; fileRef = 3266F7A91DB7F65800439950 /* ViewController.swift */; };
		3266F7AC1DB7F65800439950 /* Assets.xcassets in Resources */ = {isa = PBXBuildFile; fileRef = 3266F7AB1DB7F65800439950 /* Assets.xcassets */; };
		3266F7AF1DB7F65800439950 /* Main.storyboard in Resources */ = {isa = PBXBuildFile; fileRef = 3266F7AD1DB7F65800439950 /* Main.storyboard */; };
		3266F7BB1DB7FF7B00439950 /* LoggerHelper.swift in Sources */ = {isa = PBXBuildFile; fileRef = 3266F7BA1DB7FF7B00439950 /* LoggerHelper.swift */; };
		3266F7BC1DB7FF7B00439950 /* LoggerHelper.swift in Sources */ = {isa = PBXBuildFile; fileRef = 3266F7BA1DB7FF7B00439950 /* LoggerHelper.swift */; };
		3266F7ED1DB8063100439950 /* Interface.storyboard in Resources */ = {isa = PBXBuildFile; fileRef = 3266F7EB1DB8063100439950 /* Interface.storyboard */; };
		3266F7EF1DB8063100439950 /* Assets.xcassets in Resources */ = {isa = PBXBuildFile; fileRef = 3266F7EE1DB8063100439950 /* Assets.xcassets */; };
		3266F7F61DB8063100439950 /* watchos Extension.appex in Embed App Extensions */ = {isa = PBXBuildFile; fileRef = 3266F7F51DB8063100439950 /* watchos Extension.appex */; settings = {ATTRIBUTES = (RemoveHeadersOnCopy, ); }; };
		3266F7FD1DB8063100439950 /* InterfaceController.swift in Sources */ = {isa = PBXBuildFile; fileRef = 3266F7FC1DB8063100439950 /* InterfaceController.swift */; };
		3266F7FF1DB8063100439950 /* ExtensionDelegate.swift in Sources */ = {isa = PBXBuildFile; fileRef = 3266F7FE1DB8063100439950 /* ExtensionDelegate.swift */; };
		3266F8011DB8063100439950 /* NotificationController.swift in Sources */ = {isa = PBXBuildFile; fileRef = 3266F8001DB8063100439950 /* NotificationController.swift */; };
		3266F8031DB8063100439950 /* Assets.xcassets in Resources */ = {isa = PBXBuildFile; fileRef = 3266F8021DB8063100439950 /* Assets.xcassets */; };
		3266F8071DB8063100439950 /* watchos.app in Embed Watch Content */ = {isa = PBXBuildFile; fileRef = 3266F7E91DB8063100439950 /* watchos.app */; };
		3266F80F1DB8067F00439950 /* LoggerHelper.swift in Sources */ = {isa = PBXBuildFile; fileRef = 3266F7BA1DB7FF7B00439950 /* LoggerHelper.swift */; };
		3266F8171DB8094000439950 /* AppDelegate.swift in Sources */ = {isa = PBXBuildFile; fileRef = 3266F8161DB8094000439950 /* AppDelegate.swift */; };
		3266F8191DB8094000439950 /* TVViewController.swift in Sources */ = {isa = PBXBuildFile; fileRef = 3266F8181DB8094000439950 /* TVViewController.swift */; };
		3266F81C1DB8094000439950 /* Main.storyboard in Resources */ = {isa = PBXBuildFile; fileRef = 3266F81A1DB8094000439950 /* Main.storyboard */; };
		3266F81E1DB8094100439950 /* Assets.xcassets in Resources */ = {isa = PBXBuildFile; fileRef = 3266F81D1DB8094100439950 /* Assets.xcassets */; };
		3266F8231DB809AA00439950 /* LoggerHelper.swift in Sources */ = {isa = PBXBuildFile; fileRef = 3266F7BA1DB7FF7B00439950 /* LoggerHelper.swift */; };
		DCFED68EDEDA981D9A5F7E8D /* Pods_alamofire_activity_logger_watchos_Extension.framework in Frameworks */ = {isa = PBXBuildFile; fileRef = 107AF166F901A9F45E149EA2 /* Pods_alamofire_activity_logger_watchos_Extension.framework */; };
		F6C2EA0811607085C0CE5EAD /* Pods_alamofire_activity_logger_macos.framework in Frameworks */ = {isa = PBXBuildFile; fileRef = C7B72E5569404D207E2FF281 /* Pods_alamofire_activity_logger_macos.framework */; };
		FAFB9515E54832D4EF1127E4 /* Pods_alamofire_activity_logger_ios.framework in Frameworks */ = {isa = PBXBuildFile; fileRef = C83DF090A123E0EC4E0312BF /* Pods_alamofire_activity_logger_ios.framework */; };
/* End PBXBuildFile section */

/* Begin PBXContainerItemProxy section */
		3266F7F71DB8063100439950 /* PBXContainerItemProxy */ = {
			isa = PBXContainerItemProxy;
			containerPortal = 321C59FC1CFC18BB0012B3AB /* Project object */;
			proxyType = 1;
			remoteGlobalIDString = 3266F7F41DB8063100439950;
			remoteInfo = "watchos Extension";
		};
		3266F8051DB8063100439950 /* PBXContainerItemProxy */ = {
			isa = PBXContainerItemProxy;
			containerPortal = 321C59FC1CFC18BB0012B3AB /* Project object */;
			proxyType = 1;
			remoteGlobalIDString = 3266F7E81DB8063100439950;
			remoteInfo = watchos;
		};
/* End PBXContainerItemProxy section */

/* Begin PBXCopyFilesBuildPhase section */
		3266F7E51DB8000A00439950 /* Embed Watch Content */ = {
			isa = PBXCopyFilesBuildPhase;
			buildActionMask = 2147483647;
			dstPath = "$(CONTENTS_FOLDER_PATH)/Watch";
			dstSubfolderSpec = 16;
			files = (
				3266F8071DB8063100439950 /* watchos.app in Embed Watch Content */,
			);
			name = "Embed Watch Content";
			runOnlyForDeploymentPostprocessing = 0;
		};
		3266F80B1DB8063100439950 /* Embed App Extensions */ = {
			isa = PBXCopyFilesBuildPhase;
			buildActionMask = 2147483647;
			dstPath = "";
			dstSubfolderSpec = 13;
			files = (
				3266F7F61DB8063100439950 /* watchos Extension.appex in Embed App Extensions */,
			);
			name = "Embed App Extensions";
			runOnlyForDeploymentPostprocessing = 0;
		};
/* End PBXCopyFilesBuildPhase section */

/* Begin PBXFileReference section */
		107AF166F901A9F45E149EA2 /* Pods_alamofire_activity_logger_watchos_Extension.framework */ = {isa = PBXFileReference; explicitFileType = wrapper.framework; includeInIndex = 0; path = Pods_alamofire_activity_logger_watchos_Extension.framework; sourceTree = BUILT_PRODUCTS_DIR; };
		112D5E75CD6F0DF1C21500ED /* Pods-alamofire_activity_logger-tvos.release.xcconfig */ = {isa = PBXFileReference; includeInIndex = 1; lastKnownFileType = text.xcconfig; name = "Pods-alamofire_activity_logger-tvos.release.xcconfig"; path = "Pods/Target Support Files/Pods-alamofire_activity_logger-tvos/Pods-alamofire_activity_logger-tvos.release.xcconfig"; sourceTree = "<group>"; };
		1E108277DBABBE29D9830D62 /* Pods-alamofire_activity_logger-macos.release.xcconfig */ = {isa = PBXFileReference; includeInIndex = 1; lastKnownFileType = text.xcconfig; name = "Pods-alamofire_activity_logger-macos.release.xcconfig"; path = "Pods/Target Support Files/Pods-alamofire_activity_logger-macos/Pods-alamofire_activity_logger-macos.release.xcconfig"; sourceTree = "<group>"; };
		250FDE90CBCAD21F9E2D7C79 /* Pods-alamofire_activity_logger-ios.release.xcconfig */ = {isa = PBXFileReference; includeInIndex = 1; lastKnownFileType = text.xcconfig; name = "Pods-alamofire_activity_logger-ios.release.xcconfig"; path = "Pods/Target Support Files/Pods-alamofire_activity_logger-ios/Pods-alamofire_activity_logger-ios.release.xcconfig"; sourceTree = "<group>"; };
		2893867AE41353AC36C41113 /* Pods-alamofire_activity_logger-ios.debug.xcconfig */ = {isa = PBXFileReference; includeInIndex = 1; lastKnownFileType = text.xcconfig; name = "Pods-alamofire_activity_logger-ios.debug.xcconfig"; path = "Pods/Target Support Files/Pods-alamofire_activity_logger-ios/Pods-alamofire_activity_logger-ios.debug.xcconfig"; sourceTree = "<group>"; };
		321C5A041CFC18BB0012B3AB /* ios.app */ = {isa = PBXFileReference; explicitFileType = wrapper.application; includeInIndex = 0; path = ios.app; sourceTree = BUILT_PRODUCTS_DIR; };
		321C5A071CFC18BB0012B3AB /* AppDelegate.swift */ = {isa = PBXFileReference; lastKnownFileType = sourcecode.swift; path = AppDelegate.swift; sourceTree = "<group>"; };
		321C5A091CFC18BB0012B3AB /* ViewController.swift */ = {isa = PBXFileReference; lastKnownFileType = sourcecode.swift; path = ViewController.swift; sourceTree = "<group>"; };
		321C5A0C1CFC18BB0012B3AB /* Base */ = {isa = PBXFileReference; lastKnownFileType = file.storyboard; name = Base; path = Base.lproj/Main.storyboard; sourceTree = "<group>"; };
		321C5A0E1CFC18BB0012B3AB /* Assets.xcassets */ = {isa = PBXFileReference; lastKnownFileType = folder.assetcatalog; path = Assets.xcassets; sourceTree = "<group>"; };
		321C5A111CFC18BB0012B3AB /* Base */ = {isa = PBXFileReference; lastKnownFileType = file.storyboard; name = Base; path = Base.lproj/LaunchScreen.storyboard; sourceTree = "<group>"; };
		321C5A131CFC18BB0012B3AB /* Info.plist */ = {isa = PBXFileReference; lastKnownFileType = text.plist.xml; path = Info.plist; sourceTree = "<group>"; };
		3220D7C41DB7F3E3006B7BFB /* LoggeableRequest.swift */ = {isa = PBXFileReference; fileEncoding = 4; lastKnownFileType = sourcecode.swift; path = LoggeableRequest.swift; sourceTree = "<group>"; };
		3220D7C51DB7F3E3006B7BFB /* Logger.swift */ = {isa = PBXFileReference; fileEncoding = 4; lastKnownFileType = sourcecode.swift; path = Logger.swift; sourceTree = "<group>"; };
		323FD08C1DCA762100406E36 /* Tools.swift */ = {isa = PBXFileReference; fileEncoding = 4; lastKnownFileType = sourcecode.swift; path = Tools.swift; sourceTree = "<group>"; };
		324596121DB7F51300589CDF /* Default-568h@2x.png */ = {isa = PBXFileReference; lastKnownFileType = image.png; path = "Default-568h@2x.png"; sourceTree = "<group>"; };
		3266F7A51DB7F65800439950 /* macos.app */ = {isa = PBXFileReference; explicitFileType = wrapper.application; includeInIndex = 0; path = macos.app; sourceTree = BUILT_PRODUCTS_DIR; };
		3266F7A71DB7F65800439950 /* AppDelegate.swift */ = {isa = PBXFileReference; lastKnownFileType = sourcecode.swift; path = AppDelegate.swift; sourceTree = "<group>"; };
		3266F7A91DB7F65800439950 /* ViewController.swift */ = {isa = PBXFileReference; lastKnownFileType = sourcecode.swift; path = ViewController.swift; sourceTree = "<group>"; };
		3266F7AB1DB7F65800439950 /* Assets.xcassets */ = {isa = PBXFileReference; lastKnownFileType = folder.assetcatalog; path = Assets.xcassets; sourceTree = "<group>"; };
		3266F7AE1DB7F65800439950 /* Base */ = {isa = PBXFileReference; lastKnownFileType = file.storyboard; name = Base; path = Base.lproj/Main.storyboard; sourceTree = "<group>"; };
		3266F7B01DB7F65800439950 /* Info.plist */ = {isa = PBXFileReference; lastKnownFileType = text.plist.xml; path = Info.plist; sourceTree = "<group>"; };
		3266F7BA1DB7FF7B00439950 /* LoggerHelper.swift */ = {isa = PBXFileReference; fileEncoding = 4; lastKnownFileType = sourcecode.swift; path = LoggerHelper.swift; sourceTree = "<group>"; };
		3266F7E91DB8063100439950 /* watchos.app */ = {isa = PBXFileReference; explicitFileType = wrapper.application; includeInIndex = 0; path = watchos.app; sourceTree = BUILT_PRODUCTS_DIR; };
		3266F7EC1DB8063100439950 /* Base */ = {isa = PBXFileReference; lastKnownFileType = file.storyboard; name = Base; path = Base.lproj/Interface.storyboard; sourceTree = "<group>"; };
		3266F7EE1DB8063100439950 /* Assets.xcassets */ = {isa = PBXFileReference; lastKnownFileType = folder.assetcatalog; path = Assets.xcassets; sourceTree = "<group>"; };
		3266F7F01DB8063100439950 /* Info.plist */ = {isa = PBXFileReference; lastKnownFileType = text.plist.xml; path = Info.plist; sourceTree = "<group>"; };
		3266F7F51DB8063100439950 /* watchos Extension.appex */ = {isa = PBXFileReference; explicitFileType = "wrapper.app-extension"; includeInIndex = 0; path = "watchos Extension.appex"; sourceTree = BUILT_PRODUCTS_DIR; };
		3266F7FB1DB8063100439950 /* PushNotificationPayload.apns */ = {isa = PBXFileReference; lastKnownFileType = text; path = PushNotificationPayload.apns; sourceTree = "<group>"; };
		3266F7FC1DB8063100439950 /* InterfaceController.swift */ = {isa = PBXFileReference; lastKnownFileType = sourcecode.swift; path = InterfaceController.swift; sourceTree = "<group>"; };
		3266F7FE1DB8063100439950 /* ExtensionDelegate.swift */ = {isa = PBXFileReference; lastKnownFileType = sourcecode.swift; path = ExtensionDelegate.swift; sourceTree = "<group>"; };
		3266F8001DB8063100439950 /* NotificationController.swift */ = {isa = PBXFileReference; lastKnownFileType = sourcecode.swift; path = NotificationController.swift; sourceTree = "<group>"; };
		3266F8021DB8063100439950 /* Assets.xcassets */ = {isa = PBXFileReference; lastKnownFileType = folder.assetcatalog; path = Assets.xcassets; sourceTree = "<group>"; };
		3266F8041DB8063100439950 /* Info.plist */ = {isa = PBXFileReference; lastKnownFileType = text.plist.xml; path = Info.plist; sourceTree = "<group>"; };
		3266F8141DB8094000439950 /* tvos.app */ = {isa = PBXFileReference; explicitFileType = wrapper.application; includeInIndex = 0; path = tvos.app; sourceTree = BUILT_PRODUCTS_DIR; };
		3266F8161DB8094000439950 /* AppDelegate.swift */ = {isa = PBXFileReference; lastKnownFileType = sourcecode.swift; path = AppDelegate.swift; sourceTree = "<group>"; };
		3266F8181DB8094000439950 /* TVViewController.swift */ = {isa = PBXFileReference; lastKnownFileType = sourcecode.swift; path = TVViewController.swift; sourceTree = "<group>"; };
		3266F81B1DB8094000439950 /* Base */ = {isa = PBXFileReference; lastKnownFileType = file.storyboard; name = Base; path = Base.lproj/Main.storyboard; sourceTree = "<group>"; };
		3266F81D1DB8094100439950 /* Assets.xcassets */ = {isa = PBXFileReference; lastKnownFileType = folder.assetcatalog; path = Assets.xcassets; sourceTree = "<group>"; };
		3266F81F1DB8094100439950 /* Info.plist */ = {isa = PBXFileReference; lastKnownFileType = text.plist.xml; path = Info.plist; sourceTree = "<group>"; };
		72D2873D0A8A9C8E20159AB0 /* Pods-alamofire_activity_logger-watchos Extension.debug.xcconfig */ = {isa = PBXFileReference; includeInIndex = 1; lastKnownFileType = text.xcconfig; name = "Pods-alamofire_activity_logger-watchos Extension.debug.xcconfig"; path = "Pods/Target Support Files/Pods-alamofire_activity_logger-watchos Extension/Pods-alamofire_activity_logger-watchos Extension.debug.xcconfig"; sourceTree = "<group>"; };
		8721B0F84A15E24B7568E3FB /* Pods-alamofire_activity_logger-tvos.debug.xcconfig */ = {isa = PBXFileReference; includeInIndex = 1; lastKnownFileType = text.xcconfig; name = "Pods-alamofire_activity_logger-tvos.debug.xcconfig"; path = "Pods/Target Support Files/Pods-alamofire_activity_logger-tvos/Pods-alamofire_activity_logger-tvos.debug.xcconfig"; sourceTree = "<group>"; };
		98B8CAE22756986A46C3F1B6 /* Pods_alamofire_activity_logger_tvos.framework */ = {isa = PBXFileReference; explicitFileType = wrapper.framework; includeInIndex = 0; path = Pods_alamofire_activity_logger_tvos.framework; sourceTree = BUILT_PRODUCTS_DIR; };
		AA8635FB0650DAC2EA67ABE0 /* Pods-alamofire_activity_logger-watchos Extension.release.xcconfig */ = {isa = PBXFileReference; includeInIndex = 1; lastKnownFileType = text.xcconfig; name = "Pods-alamofire_activity_logger-watchos Extension.release.xcconfig"; path = "Pods/Target Support Files/Pods-alamofire_activity_logger-watchos Extension/Pods-alamofire_activity_logger-watchos Extension.release.xcconfig"; sourceTree = "<group>"; };
		C7B72E5569404D207E2FF281 /* Pods_alamofire_activity_logger_macos.framework */ = {isa = PBXFileReference; explicitFileType = wrapper.framework; includeInIndex = 0; path = Pods_alamofire_activity_logger_macos.framework; sourceTree = BUILT_PRODUCTS_DIR; };
		C83DF090A123E0EC4E0312BF /* Pods_alamofire_activity_logger_ios.framework */ = {isa = PBXFileReference; explicitFileType = wrapper.framework; includeInIndex = 0; path = Pods_alamofire_activity_logger_ios.framework; sourceTree = BUILT_PRODUCTS_DIR; };
		F389739BA3908F8BA0444927 /* Pods-alamofire_activity_logger-macos.debug.xcconfig */ = {isa = PBXFileReference; includeInIndex = 1; lastKnownFileType = text.xcconfig; name = "Pods-alamofire_activity_logger-macos.debug.xcconfig"; path = "Pods/Target Support Files/Pods-alamofire_activity_logger-macos/Pods-alamofire_activity_logger-macos.debug.xcconfig"; sourceTree = "<group>"; };
/* End PBXFileReference section */

/* Begin PBXFrameworksBuildPhase section */
		321C5A011CFC18BB0012B3AB /* Frameworks */ = {
			isa = PBXFrameworksBuildPhase;
			buildActionMask = 2147483647;
			files = (
				FAFB9515E54832D4EF1127E4 /* Pods_alamofire_activity_logger_ios.framework in Frameworks */,
			);
			runOnlyForDeploymentPostprocessing = 0;
		};
		3266F7A21DB7F65800439950 /* Frameworks */ = {
			isa = PBXFrameworksBuildPhase;
			buildActionMask = 2147483647;
			files = (
				F6C2EA0811607085C0CE5EAD /* Pods_alamofire_activity_logger_macos.framework in Frameworks */,
			);
			runOnlyForDeploymentPostprocessing = 0;
		};
		3266F7F21DB8063100439950 /* Frameworks */ = {
			isa = PBXFrameworksBuildPhase;
			buildActionMask = 2147483647;
			files = (
				DCFED68EDEDA981D9A5F7E8D /* Pods_alamofire_activity_logger_watchos_Extension.framework in Frameworks */,
			);
			runOnlyForDeploymentPostprocessing = 0;
		};
		3266F8111DB8094000439950 /* Frameworks */ = {
			isa = PBXFrameworksBuildPhase;
			buildActionMask = 2147483647;
			files = (
				1727FBF67B67953E042641C6 /* Pods_alamofire_activity_logger_tvos.framework in Frameworks */,
			);
			runOnlyForDeploymentPostprocessing = 0;
		};
		DB85B3104567A621D4AFBA28 /* Frameworks */ = {
			isa = PBXFrameworksBuildPhase;
			buildActionMask = 2147483647;
			files = (
			);
			runOnlyForDeploymentPostprocessing = 0;
		};
/* End PBXFrameworksBuildPhase section */

/* Begin PBXGroup section */
		321C59FB1CFC18BB0012B3AB = {
			isa = PBXGroup;
			children = (
				324596121DB7F51300589CDF /* Default-568h@2x.png */,
				3220D7BC1DB7F3D3006B7BFB /* alamofire_activity_logger */,
				3266F7B91DB7FF7B00439950 /* common */,
				321C5A061CFC18BB0012B3AB /* ios */,
				3266F7A61DB7F65800439950 /* macos */,
				3266F7EA1DB8063100439950 /* watchos */,
				3266F7F91DB8063100439950 /* watchos Extension */,
				3266F8151DB8094000439950 /* tvos */,
				321C5A051CFC18BB0012B3AB /* Products */,
				61074990B4C687CB78A267BA /* Pods */,
				A4BA5D4B705CB8396A402E93 /* Frameworks */,
			);
			sourceTree = "<group>";
		};
		321C5A051CFC18BB0012B3AB /* Products */ = {
			isa = PBXGroup;
			children = (
				321C5A041CFC18BB0012B3AB /* ios.app */,
				3266F7A51DB7F65800439950 /* macos.app */,
				3266F7E91DB8063100439950 /* watchos.app */,
				3266F7F51DB8063100439950 /* watchos Extension.appex */,
				3266F8141DB8094000439950 /* tvos.app */,
			);
			name = Products;
			sourceTree = "<group>";
		};
		321C5A061CFC18BB0012B3AB /* ios */ = {
			isa = PBXGroup;
			children = (
				321C5A071CFC18BB0012B3AB /* AppDelegate.swift */,
				321C5A091CFC18BB0012B3AB /* ViewController.swift */,
				321C5A0B1CFC18BB0012B3AB /* Main.storyboard */,
				321C5A0E1CFC18BB0012B3AB /* Assets.xcassets */,
				321C5A101CFC18BB0012B3AB /* LaunchScreen.storyboard */,
				321C5A131CFC18BB0012B3AB /* Info.plist */,
			);
			path = ios;
			sourceTree = "<group>";
		};
		3220D7BC1DB7F3D3006B7BFB /* alamofire_activity_logger */ = {
			isa = PBXGroup;
			children = (
				3220D7C31DB7F3E3006B7BFB /* ActivityLogger */,
			);
			path = alamofire_activity_logger;
			sourceTree = "<group>";
		};
		3220D7C31DB7F3E3006B7BFB /* ActivityLogger */ = {
			isa = PBXGroup;
			children = (
				323FD08C1DCA762100406E36 /* Tools.swift */,
				3220D7C41DB7F3E3006B7BFB /* LoggeableRequest.swift */,
				3220D7C51DB7F3E3006B7BFB /* Logger.swift */,
			);
			path = ActivityLogger;
			sourceTree = "<group>";
		};
		3266F7A61DB7F65800439950 /* macos */ = {
			isa = PBXGroup;
			children = (
				3266F7A71DB7F65800439950 /* AppDelegate.swift */,
				3266F7A91DB7F65800439950 /* ViewController.swift */,
				3266F7AB1DB7F65800439950 /* Assets.xcassets */,
				3266F7AD1DB7F65800439950 /* Main.storyboard */,
				3266F7B01DB7F65800439950 /* Info.plist */,
			);
			path = macos;
			sourceTree = "<group>";
		};
		3266F7B91DB7FF7B00439950 /* common */ = {
			isa = PBXGroup;
			children = (
				3266F7BA1DB7FF7B00439950 /* LoggerHelper.swift */,
			);
			path = common;
			sourceTree = "<group>";
		};
		3266F7EA1DB8063100439950 /* watchos */ = {
			isa = PBXGroup;
			children = (
				3266F7EB1DB8063100439950 /* Interface.storyboard */,
				3266F7EE1DB8063100439950 /* Assets.xcassets */,
				3266F7F01DB8063100439950 /* Info.plist */,
			);
			path = watchos;
			sourceTree = "<group>";
		};
		3266F7F91DB8063100439950 /* watchos Extension */ = {
			isa = PBXGroup;
			children = (
				3266F7FC1DB8063100439950 /* InterfaceController.swift */,
				3266F7FE1DB8063100439950 /* ExtensionDelegate.swift */,
				3266F8001DB8063100439950 /* NotificationController.swift */,
				3266F8021DB8063100439950 /* Assets.xcassets */,
				3266F8041DB8063100439950 /* Info.plist */,
				3266F7FA1DB8063100439950 /* Supporting Files */,
			);
			path = "watchos Extension";
			sourceTree = "<group>";
		};
		3266F7FA1DB8063100439950 /* Supporting Files */ = {
			isa = PBXGroup;
			children = (
				3266F7FB1DB8063100439950 /* PushNotificationPayload.apns */,
			);
			name = "Supporting Files";
			sourceTree = "<group>";
		};
		3266F8151DB8094000439950 /* tvos */ = {
			isa = PBXGroup;
			children = (
				3266F8161DB8094000439950 /* AppDelegate.swift */,
				3266F8181DB8094000439950 /* TVViewController.swift */,
				3266F81A1DB8094000439950 /* Main.storyboard */,
				3266F81D1DB8094100439950 /* Assets.xcassets */,
				3266F81F1DB8094100439950 /* Info.plist */,
			);
			path = tvos;
			sourceTree = "<group>";
		};
		61074990B4C687CB78A267BA /* Pods */ = {
			isa = PBXGroup;
			children = (
				2893867AE41353AC36C41113 /* Pods-alamofire_activity_logger-ios.debug.xcconfig */,
				250FDE90CBCAD21F9E2D7C79 /* Pods-alamofire_activity_logger-ios.release.xcconfig */,
				F389739BA3908F8BA0444927 /* Pods-alamofire_activity_logger-macos.debug.xcconfig */,
				1E108277DBABBE29D9830D62 /* Pods-alamofire_activity_logger-macos.release.xcconfig */,
				8721B0F84A15E24B7568E3FB /* Pods-alamofire_activity_logger-tvos.debug.xcconfig */,
				112D5E75CD6F0DF1C21500ED /* Pods-alamofire_activity_logger-tvos.release.xcconfig */,
				72D2873D0A8A9C8E20159AB0 /* Pods-alamofire_activity_logger-watchos Extension.debug.xcconfig */,
				AA8635FB0650DAC2EA67ABE0 /* Pods-alamofire_activity_logger-watchos Extension.release.xcconfig */,
			);
			name = Pods;
			sourceTree = "<group>";
		};
		A4BA5D4B705CB8396A402E93 /* Frameworks */ = {
			isa = PBXGroup;
			children = (
				C83DF090A123E0EC4E0312BF /* Pods_alamofire_activity_logger_ios.framework */,
				C7B72E5569404D207E2FF281 /* Pods_alamofire_activity_logger_macos.framework */,
				98B8CAE22756986A46C3F1B6 /* Pods_alamofire_activity_logger_tvos.framework */,
				107AF166F901A9F45E149EA2 /* Pods_alamofire_activity_logger_watchos_Extension.framework */,
			);
			name = Frameworks;
			sourceTree = "<group>";
		};
/* End PBXGroup section */

/* Begin PBXNativeTarget section */
		321C5A031CFC18BB0012B3AB /* ios */ = {
			isa = PBXNativeTarget;
			buildConfigurationList = 321C5A161CFC18BB0012B3AB /* Build configuration list for PBXNativeTarget "ios" */;
			buildPhases = (
				F3949A9C9CDFB7CE2C038105 /* [CP] Check Pods Manifest.lock */,
				321C5A001CFC18BB0012B3AB /* Sources */,
				321C5A011CFC18BB0012B3AB /* Frameworks */,
				321C5A021CFC18BB0012B3AB /* Resources */,
				3266F7E51DB8000A00439950 /* Embed Watch Content */,
				0B4CE5BF21DCC8589B707F82 /* [CP] Embed Pods Frameworks */,
				D945152F353802E8EC4E14D1 /* [CP] Copy Pods Resources */,
			);
			buildRules = (
			);
			dependencies = (
				3266F8061DB8063100439950 /* PBXTargetDependency */,
			);
			name = ios;
			productName = alamofire_activity_logger;
			productReference = 321C5A041CFC18BB0012B3AB /* ios.app */;
			productType = "com.apple.product-type.application";
		};
		3266F7A41DB7F65800439950 /* macos */ = {
			isa = PBXNativeTarget;
			buildConfigurationList = 3266F7B11DB7F65800439950 /* Build configuration list for PBXNativeTarget "macos" */;
			buildPhases = (
				DEF34AEFDA5EAEE9D65A5B8B /* [CP] Check Pods Manifest.lock */,
				3266F7A11DB7F65800439950 /* Sources */,
				3266F7A21DB7F65800439950 /* Frameworks */,
				3266F7A31DB7F65800439950 /* Resources */,
				3C7EA4A84813E650F2EC415D /* [CP] Embed Pods Frameworks */,
				E5CD6A4CD439B18B221C7BD1 /* [CP] Copy Pods Resources */,
			);
			buildRules = (
			);
			dependencies = (
			);
			name = macos;
			productName = macos;
			productReference = 3266F7A51DB7F65800439950 /* macos.app */;
			productType = "com.apple.product-type.application";
		};
		3266F7E81DB8063100439950 /* watchos */ = {
			isa = PBXNativeTarget;
			buildConfigurationList = 3266F80C1DB8063100439950 /* Build configuration list for PBXNativeTarget "watchos" */;
			buildPhases = (
				3266F7E71DB8063100439950 /* Resources */,
				3266F80B1DB8063100439950 /* Embed App Extensions */,
				DB85B3104567A621D4AFBA28 /* Frameworks */,
			);
			buildRules = (
			);
			dependencies = (
				3266F7F81DB8063100439950 /* PBXTargetDependency */,
			);
			name = watchos;
			productName = watchos;
			productReference = 3266F7E91DB8063100439950 /* watchos.app */;
			productType = "com.apple.product-type.application.watchapp2";
		};
		3266F7F41DB8063100439950 /* watchos Extension */ = {
			isa = PBXNativeTarget;
			buildConfigurationList = 3266F8081DB8063100439950 /* Build configuration list for PBXNativeTarget "watchos Extension" */;
			buildPhases = (
				7C915948FA2A8516CF116157 /* [CP] Check Pods Manifest.lock */,
				3266F7F11DB8063100439950 /* Sources */,
				3266F7F21DB8063100439950 /* Frameworks */,
				3266F7F31DB8063100439950 /* Resources */,
				4BA3C7D2040EA464645DA175 /* [CP] Embed Pods Frameworks */,
				7B621B3BE37639B5DCBB3A1E /* [CP] Copy Pods Resources */,
			);
			buildRules = (
			);
			dependencies = (
			);
			name = "watchos Extension";
			productName = "watchos Extension";
			productReference = 3266F7F51DB8063100439950 /* watchos Extension.appex */;
			productType = "com.apple.product-type.watchkit2-extension";
		};
		3266F8131DB8094000439950 /* tvos */ = {
			isa = PBXNativeTarget;
			buildConfigurationList = 3266F8221DB8094100439950 /* Build configuration list for PBXNativeTarget "tvos" */;
			buildPhases = (
				1C73505D887B670B8A231A8C /* [CP] Check Pods Manifest.lock */,
				3266F8101DB8094000439950 /* Sources */,
				3266F8111DB8094000439950 /* Frameworks */,
				3266F8121DB8094000439950 /* Resources */,
				2C10CE28F1A3741A94196E53 /* [CP] Embed Pods Frameworks */,
				059A1A2DC98DA3B7DBCBC7D0 /* [CP] Copy Pods Resources */,
			);
			buildRules = (
			);
			dependencies = (
			);
			name = tvos;
			productName = tvos;
			productReference = 3266F8141DB8094000439950 /* tvos.app */;
			productType = "com.apple.product-type.application";
		};
/* End PBXNativeTarget section */

/* Begin PBXProject section */
		321C59FC1CFC18BB0012B3AB /* Project object */ = {
			isa = PBXProject;
			attributes = {
				LastSwiftUpdateCheck = 0800;
				LastUpgradeCheck = 0900;
				ORGANIZATIONNAME = manuege;
				TargetAttributes = {
					321C5A031CFC18BB0012B3AB = {
						CreatedOnToolsVersion = 7.3.1;
						DevelopmentTeam = CF864KN2XE;
						LastSwiftMigration = 0900;
					};
					3266F7A41DB7F65800439950 = {
						CreatedOnToolsVersion = 8.0;
						DevelopmentTeam = CF864KN2XE;
						ProvisioningStyle = Automatic;
					};
					3266F7E81DB8063100439950 = {
						CreatedOnToolsVersion = 8.0;
						DevelopmentTeam = CF864KN2XE;
						ProvisioningStyle = Automatic;
					};
					3266F7F41DB8063100439950 = {
						CreatedOnToolsVersion = 8.0;
						DevelopmentTeam = CF864KN2XE;
						LastSwiftMigration = 0900;
						ProvisioningStyle = Automatic;
					};
					3266F8131DB8094000439950 = {
						CreatedOnToolsVersion = 8.0;
						DevelopmentTeam = CF864KN2XE;
						ProvisioningStyle = Automatic;
					};
				};
			};
			buildConfigurationList = 321C59FF1CFC18BB0012B3AB /* Build configuration list for PBXProject "alamofire_activity_logger" */;
			compatibilityVersion = "Xcode 3.2";
			developmentRegion = English;
			hasScannedForEncodings = 0;
			knownRegions = (
				en,
				Base,
			);
			mainGroup = 321C59FB1CFC18BB0012B3AB;
			productRefGroup = 321C5A051CFC18BB0012B3AB /* Products */;
			projectDirPath = "";
			projectRoot = "";
			targets = (
				321C5A031CFC18BB0012B3AB /* ios */,
				3266F7A41DB7F65800439950 /* macos */,
				3266F7E81DB8063100439950 /* watchos */,
				3266F7F41DB8063100439950 /* watchos Extension */,
				3266F8131DB8094000439950 /* tvos */,
			);
		};
/* End PBXProject section */

/* Begin PBXResourcesBuildPhase section */
		321C5A021CFC18BB0012B3AB /* Resources */ = {
			isa = PBXResourcesBuildPhase;
			buildActionMask = 2147483647;
			files = (
				321C5A121CFC18BB0012B3AB /* LaunchScreen.storyboard in Resources */,
				324596131DB7F51300589CDF /* Default-568h@2x.png in Resources */,
				321C5A0F1CFC18BB0012B3AB /* Assets.xcassets in Resources */,
				321C5A0D1CFC18BB0012B3AB /* Main.storyboard in Resources */,
			);
			runOnlyForDeploymentPostprocessing = 0;
		};
		3266F7A31DB7F65800439950 /* Resources */ = {
			isa = PBXResourcesBuildPhase;
			buildActionMask = 2147483647;
			files = (
				3266F7AC1DB7F65800439950 /* Assets.xcassets in Resources */,
				3266F7AF1DB7F65800439950 /* Main.storyboard in Resources */,
			);
			runOnlyForDeploymentPostprocessing = 0;
		};
		3266F7E71DB8063100439950 /* Resources */ = {
			isa = PBXResourcesBuildPhase;
			buildActionMask = 2147483647;
			files = (
				3266F7EF1DB8063100439950 /* Assets.xcassets in Resources */,
				3266F7ED1DB8063100439950 /* Interface.storyboard in Resources */,
			);
			runOnlyForDeploymentPostprocessing = 0;
		};
		3266F7F31DB8063100439950 /* Resources */ = {
			isa = PBXResourcesBuildPhase;
			buildActionMask = 2147483647;
			files = (
				3266F8031DB8063100439950 /* Assets.xcassets in Resources */,
			);
			runOnlyForDeploymentPostprocessing = 0;
		};
		3266F8121DB8094000439950 /* Resources */ = {
			isa = PBXResourcesBuildPhase;
			buildActionMask = 2147483647;
			files = (
				3266F81E1DB8094100439950 /* Assets.xcassets in Resources */,
				3266F81C1DB8094000439950 /* Main.storyboard in Resources */,
			);
			runOnlyForDeploymentPostprocessing = 0;
		};
/* End PBXResourcesBuildPhase section */

/* Begin PBXShellScriptBuildPhase section */
		059A1A2DC98DA3B7DBCBC7D0 /* [CP] Copy Pods Resources */ = {
			isa = PBXShellScriptBuildPhase;
			buildActionMask = 2147483647;
			files = (
			);
			inputPaths = (
			);
			name = "[CP] Copy Pods Resources";
			outputPaths = (
			);
			runOnlyForDeploymentPostprocessing = 0;
			shellPath = /bin/sh;
			shellScript = "\"${SRCROOT}/Pods/Target Support Files/Pods-alamofire_activity_logger-tvos/Pods-alamofire_activity_logger-tvos-resources.sh\"\n";
			showEnvVarsInLog = 0;
		};
		0B4CE5BF21DCC8589B707F82 /* [CP] Embed Pods Frameworks */ = {
			isa = PBXShellScriptBuildPhase;
			buildActionMask = 2147483647;
			files = (
			);
			inputPaths = (
			);
			name = "[CP] Embed Pods Frameworks";
			outputPaths = (
			);
			runOnlyForDeploymentPostprocessing = 0;
			shellPath = /bin/sh;
			shellScript = "\"${SRCROOT}/Pods/Target Support Files/Pods-alamofire_activity_logger-ios/Pods-alamofire_activity_logger-ios-frameworks.sh\"\n";
			showEnvVarsInLog = 0;
		};
		1C73505D887B670B8A231A8C /* [CP] Check Pods Manifest.lock */ = {
			isa = PBXShellScriptBuildPhase;
			buildActionMask = 2147483647;
			files = (
			);
			inputPaths = (
			);
			name = "[CP] Check Pods Manifest.lock";
			outputPaths = (
			);
			runOnlyForDeploymentPostprocessing = 0;
			shellPath = /bin/sh;
			shellScript = "diff \"${PODS_PODFILE_DIR_PATH}/Podfile.lock\" \"${PODS_ROOT}/Manifest.lock\" > /dev/null\nif [ $? != 0 ] ; then\n    # print error to STDERR\n    echo \"error: The sandbox is not in sync with the Podfile.lock. Run 'pod install' or update your CocoaPods installation.\" >&2\n    exit 1\nfi\n";
			showEnvVarsInLog = 0;
		};
		2C10CE28F1A3741A94196E53 /* [CP] Embed Pods Frameworks */ = {
			isa = PBXShellScriptBuildPhase;
			buildActionMask = 2147483647;
			files = (
			);
			inputPaths = (
			);
			name = "[CP] Embed Pods Frameworks";
			outputPaths = (
			);
			runOnlyForDeploymentPostprocessing = 0;
			shellPath = /bin/sh;
			shellScript = "\"${SRCROOT}/Pods/Target Support Files/Pods-alamofire_activity_logger-tvos/Pods-alamofire_activity_logger-tvos-frameworks.sh\"\n";
			showEnvVarsInLog = 0;
		};
		3C7EA4A84813E650F2EC415D /* [CP] Embed Pods Frameworks */ = {
			isa = PBXShellScriptBuildPhase;
			buildActionMask = 2147483647;
			files = (
			);
			inputPaths = (
			);
			name = "[CP] Embed Pods Frameworks";
			outputPaths = (
			);
			runOnlyForDeploymentPostprocessing = 0;
			shellPath = /bin/sh;
			shellScript = "\"${SRCROOT}/Pods/Target Support Files/Pods-alamofire_activity_logger-macos/Pods-alamofire_activity_logger-macos-frameworks.sh\"\n";
			showEnvVarsInLog = 0;
		};
		4BA3C7D2040EA464645DA175 /* [CP] Embed Pods Frameworks */ = {
			isa = PBXShellScriptBuildPhase;
			buildActionMask = 2147483647;
			files = (
			);
			inputPaths = (
			);
			name = "[CP] Embed Pods Frameworks";
			outputPaths = (
			);
			runOnlyForDeploymentPostprocessing = 0;
			shellPath = /bin/sh;
			shellScript = "\"${SRCROOT}/Pods/Target Support Files/Pods-alamofire_activity_logger-watchos Extension/Pods-alamofire_activity_logger-watchos Extension-frameworks.sh\"\n";
			showEnvVarsInLog = 0;
		};
		7B621B3BE37639B5DCBB3A1E /* [CP] Copy Pods Resources */ = {
			isa = PBXShellScriptBuildPhase;
			buildActionMask = 2147483647;
			files = (
			);
			inputPaths = (
			);
			name = "[CP] Copy Pods Resources";
			outputPaths = (
			);
			runOnlyForDeploymentPostprocessing = 0;
			shellPath = /bin/sh;
			shellScript = "\"${SRCROOT}/Pods/Target Support Files/Pods-alamofire_activity_logger-watchos Extension/Pods-alamofire_activity_logger-watchos Extension-resources.sh\"\n";
			showEnvVarsInLog = 0;
		};
		7C915948FA2A8516CF116157 /* [CP] Check Pods Manifest.lock */ = {
			isa = PBXShellScriptBuildPhase;
			buildActionMask = 2147483647;
			files = (
			);
			inputPaths = (
			);
			name = "[CP] Check Pods Manifest.lock";
			outputPaths = (
			);
			runOnlyForDeploymentPostprocessing = 0;
			shellPath = /bin/sh;
			shellScript = "diff \"${PODS_PODFILE_DIR_PATH}/Podfile.lock\" \"${PODS_ROOT}/Manifest.lock\" > /dev/null\nif [ $? != 0 ] ; then\n    # print error to STDERR\n    echo \"error: The sandbox is not in sync with the Podfile.lock. Run 'pod install' or update your CocoaPods installation.\" >&2\n    exit 1\nfi\n";
			showEnvVarsInLog = 0;
		};
		D945152F353802E8EC4E14D1 /* [CP] Copy Pods Resources */ = {
			isa = PBXShellScriptBuildPhase;
			buildActionMask = 2147483647;
			files = (
			);
			inputPaths = (
			);
			name = "[CP] Copy Pods Resources";
			outputPaths = (
			);
			runOnlyForDeploymentPostprocessing = 0;
			shellPath = /bin/sh;
			shellScript = "\"${SRCROOT}/Pods/Target Support Files/Pods-alamofire_activity_logger-ios/Pods-alamofire_activity_logger-ios-resources.sh\"\n";
			showEnvVarsInLog = 0;
		};
		DEF34AEFDA5EAEE9D65A5B8B /* [CP] Check Pods Manifest.lock */ = {
			isa = PBXShellScriptBuildPhase;
			buildActionMask = 2147483647;
			files = (
			);
			inputPaths = (
			);
			name = "[CP] Check Pods Manifest.lock";
			outputPaths = (
			);
			runOnlyForDeploymentPostprocessing = 0;
			shellPath = /bin/sh;
			shellScript = "diff \"${PODS_PODFILE_DIR_PATH}/Podfile.lock\" \"${PODS_ROOT}/Manifest.lock\" > /dev/null\nif [ $? != 0 ] ; then\n    # print error to STDERR\n    echo \"error: The sandbox is not in sync with the Podfile.lock. Run 'pod install' or update your CocoaPods installation.\" >&2\n    exit 1\nfi\n";
			showEnvVarsInLog = 0;
		};
		E5CD6A4CD439B18B221C7BD1 /* [CP] Copy Pods Resources */ = {
			isa = PBXShellScriptBuildPhase;
			buildActionMask = 2147483647;
			files = (
			);
			inputPaths = (
			);
			name = "[CP] Copy Pods Resources";
			outputPaths = (
			);
			runOnlyForDeploymentPostprocessing = 0;
			shellPath = /bin/sh;
			shellScript = "\"${SRCROOT}/Pods/Target Support Files/Pods-alamofire_activity_logger-macos/Pods-alamofire_activity_logger-macos-resources.sh\"\n";
			showEnvVarsInLog = 0;
		};
		F3949A9C9CDFB7CE2C038105 /* [CP] Check Pods Manifest.lock */ = {
			isa = PBXShellScriptBuildPhase;
			buildActionMask = 2147483647;
			files = (
			);
			inputPaths = (
			);
			name = "[CP] Check Pods Manifest.lock";
			outputPaths = (
			);
			runOnlyForDeploymentPostprocessing = 0;
			shellPath = /bin/sh;
			shellScript = "diff \"${PODS_PODFILE_DIR_PATH}/Podfile.lock\" \"${PODS_ROOT}/Manifest.lock\" > /dev/null\nif [ $? != 0 ] ; then\n    # print error to STDERR\n    echo \"error: The sandbox is not in sync with the Podfile.lock. Run 'pod install' or update your CocoaPods installation.\" >&2\n    exit 1\nfi\n";
			showEnvVarsInLog = 0;
		};
/* End PBXShellScriptBuildPhase section */

/* Begin PBXSourcesBuildPhase section */
		321C5A001CFC18BB0012B3AB /* Sources */ = {
			isa = PBXSourcesBuildPhase;
			buildActionMask = 2147483647;
			files = (
				3266F7BB1DB7FF7B00439950 /* LoggerHelper.swift in Sources */,
				321C5A0A1CFC18BB0012B3AB /* ViewController.swift in Sources */,
				321C5A081CFC18BB0012B3AB /* AppDelegate.swift in Sources */,
			);
			runOnlyForDeploymentPostprocessing = 0;
		};
		3266F7A11DB7F65800439950 /* Sources */ = {
			isa = PBXSourcesBuildPhase;
			buildActionMask = 2147483647;
			files = (
				3266F7AA1DB7F65800439950 /* ViewController.swift in Sources */,
				3266F7BC1DB7FF7B00439950 /* LoggerHelper.swift in Sources */,
				3266F7A81DB7F65800439950 /* AppDelegate.swift in Sources */,
			);
			runOnlyForDeploymentPostprocessing = 0;
		};
		3266F7F11DB8063100439950 /* Sources */ = {
			isa = PBXSourcesBuildPhase;
			buildActionMask = 2147483647;
			files = (
				3266F8011DB8063100439950 /* NotificationController.swift in Sources */,
				3266F80F1DB8067F00439950 /* LoggerHelper.swift in Sources */,
				3266F7FF1DB8063100439950 /* ExtensionDelegate.swift in Sources */,
				3266F7FD1DB8063100439950 /* InterfaceController.swift in Sources */,
			);
			runOnlyForDeploymentPostprocessing = 0;
		};
		3266F8101DB8094000439950 /* Sources */ = {
			isa = PBXSourcesBuildPhase;
			buildActionMask = 2147483647;
			files = (
				3266F8191DB8094000439950 /* TVViewController.swift in Sources */,
				3266F8171DB8094000439950 /* AppDelegate.swift in Sources */,
				3266F8231DB809AA00439950 /* LoggerHelper.swift in Sources */,
			);
			runOnlyForDeploymentPostprocessing = 0;
		};
/* End PBXSourcesBuildPhase section */

/* Begin PBXTargetDependency section */
		3266F7F81DB8063100439950 /* PBXTargetDependency */ = {
			isa = PBXTargetDependency;
			target = 3266F7F41DB8063100439950 /* watchos Extension */;
			targetProxy = 3266F7F71DB8063100439950 /* PBXContainerItemProxy */;
		};
		3266F8061DB8063100439950 /* PBXTargetDependency */ = {
			isa = PBXTargetDependency;
			target = 3266F7E81DB8063100439950 /* watchos */;
			targetProxy = 3266F8051DB8063100439950 /* PBXContainerItemProxy */;
		};
/* End PBXTargetDependency section */

/* Begin PBXVariantGroup section */
		321C5A0B1CFC18BB0012B3AB /* Main.storyboard */ = {
			isa = PBXVariantGroup;
			children = (
				321C5A0C1CFC18BB0012B3AB /* Base */,
			);
			name = Main.storyboard;
			sourceTree = "<group>";
		};
		321C5A101CFC18BB0012B3AB /* LaunchScreen.storyboard */ = {
			isa = PBXVariantGroup;
			children = (
				321C5A111CFC18BB0012B3AB /* Base */,
			);
			name = LaunchScreen.storyboard;
			sourceTree = "<group>";
		};
		3266F7AD1DB7F65800439950 /* Main.storyboard */ = {
			isa = PBXVariantGroup;
			children = (
				3266F7AE1DB7F65800439950 /* Base */,
			);
			name = Main.storyboard;
			sourceTree = "<group>";
		};
		3266F7EB1DB8063100439950 /* Interface.storyboard */ = {
			isa = PBXVariantGroup;
			children = (
				3266F7EC1DB8063100439950 /* Base */,
			);
			name = Interface.storyboard;
			sourceTree = "<group>";
		};
		3266F81A1DB8094000439950 /* Main.storyboard */ = {
			isa = PBXVariantGroup;
			children = (
				3266F81B1DB8094000439950 /* Base */,
			);
			name = Main.storyboard;
			sourceTree = "<group>";
		};
/* End PBXVariantGroup section */

/* Begin XCBuildConfiguration section */
		321C5A141CFC18BB0012B3AB /* Debug */ = {
			isa = XCBuildConfiguration;
			buildSettings = {
				ALWAYS_SEARCH_USER_PATHS = NO;
				CLANG_ANALYZER_NONNULL = YES;
				CLANG_CXX_LANGUAGE_STANDARD = "gnu++0x";
				CLANG_CXX_LIBRARY = "libc++";
				CLANG_ENABLE_MODULES = YES;
				CLANG_ENABLE_OBJC_ARC = YES;
				CLANG_WARN_BLOCK_CAPTURE_AUTORELEASING = YES;
				CLANG_WARN_BOOL_CONVERSION = YES;
				CLANG_WARN_COMMA = YES;
				CLANG_WARN_CONSTANT_CONVERSION = YES;
				CLANG_WARN_DIRECT_OBJC_ISA_USAGE = YES_ERROR;
				CLANG_WARN_EMPTY_BODY = YES;
				CLANG_WARN_ENUM_CONVERSION = YES;
				CLANG_WARN_INFINITE_RECURSION = YES;
				CLANG_WARN_INT_CONVERSION = YES;
				CLANG_WARN_NON_LITERAL_NULL_CONVERSION = YES;
				CLANG_WARN_OBJC_LITERAL_CONVERSION = YES;
				CLANG_WARN_OBJC_ROOT_CLASS = YES_ERROR;
				CLANG_WARN_RANGE_LOOP_ANALYSIS = YES;
				CLANG_WARN_STRICT_PROTOTYPES = YES;
				CLANG_WARN_SUSPICIOUS_MOVE = YES;
				CLANG_WARN_UNREACHABLE_CODE = YES;
				CLANG_WARN__DUPLICATE_METHOD_MATCH = YES;
				"CODE_SIGN_IDENTITY[sdk=iphoneos*]" = "iPhone Developer";
				COPY_PHASE_STRIP = NO;
				DEBUG_INFORMATION_FORMAT = dwarf;
				ENABLE_STRICT_OBJC_MSGSEND = YES;
				ENABLE_TESTABILITY = YES;
				GCC_C_LANGUAGE_STANDARD = gnu99;
				GCC_DYNAMIC_NO_PIC = NO;
				GCC_NO_COMMON_BLOCKS = YES;
				GCC_OPTIMIZATION_LEVEL = 0;
				GCC_PREPROCESSOR_DEFINITIONS = (
					"DEBUG=1",
					"$(inherited)",
				);
				GCC_WARN_64_TO_32_BIT_CONVERSION = YES;
				GCC_WARN_ABOUT_RETURN_TYPE = YES_ERROR;
				GCC_WARN_UNDECLARED_SELECTOR = YES;
				GCC_WARN_UNINITIALIZED_AUTOS = YES_AGGRESSIVE;
				GCC_WARN_UNUSED_FUNCTION = YES;
				GCC_WARN_UNUSED_VARIABLE = YES;
				IPHONEOS_DEPLOYMENT_TARGET = 9.3;
				MTL_ENABLE_DEBUG_INFO = YES;
				ONLY_ACTIVE_ARCH = YES;
				SDKROOT = iphoneos;
				SWIFT_OPTIMIZATION_LEVEL = "-Onone";
			};
			name = Debug;
		};
		321C5A151CFC18BB0012B3AB /* Release */ = {
			isa = XCBuildConfiguration;
			buildSettings = {
				ALWAYS_SEARCH_USER_PATHS = NO;
				CLANG_ANALYZER_NONNULL = YES;
				CLANG_CXX_LANGUAGE_STANDARD = "gnu++0x";
				CLANG_CXX_LIBRARY = "libc++";
				CLANG_ENABLE_MODULES = YES;
				CLANG_ENABLE_OBJC_ARC = YES;
				CLANG_WARN_BLOCK_CAPTURE_AUTORELEASING = YES;
				CLANG_WARN_BOOL_CONVERSION = YES;
				CLANG_WARN_COMMA = YES;
				CLANG_WARN_CONSTANT_CONVERSION = YES;
				CLANG_WARN_DIRECT_OBJC_ISA_USAGE = YES_ERROR;
				CLANG_WARN_EMPTY_BODY = YES;
				CLANG_WARN_ENUM_CONVERSION = YES;
				CLANG_WARN_INFINITE_RECURSION = YES;
				CLANG_WARN_INT_CONVERSION = YES;
				CLANG_WARN_NON_LITERAL_NULL_CONVERSION = YES;
				CLANG_WARN_OBJC_LITERAL_CONVERSION = YES;
				CLANG_WARN_OBJC_ROOT_CLASS = YES_ERROR;
				CLANG_WARN_RANGE_LOOP_ANALYSIS = YES;
				CLANG_WARN_STRICT_PROTOTYPES = YES;
				CLANG_WARN_SUSPICIOUS_MOVE = YES;
				CLANG_WARN_UNREACHABLE_CODE = YES;
				CLANG_WARN__DUPLICATE_METHOD_MATCH = YES;
				"CODE_SIGN_IDENTITY[sdk=iphoneos*]" = "iPhone Developer";
				COPY_PHASE_STRIP = NO;
				DEBUG_INFORMATION_FORMAT = "dwarf-with-dsym";
				ENABLE_NS_ASSERTIONS = NO;
				ENABLE_STRICT_OBJC_MSGSEND = YES;
				GCC_C_LANGUAGE_STANDARD = gnu99;
				GCC_NO_COMMON_BLOCKS = YES;
				GCC_WARN_64_TO_32_BIT_CONVERSION = YES;
				GCC_WARN_ABOUT_RETURN_TYPE = YES_ERROR;
				GCC_WARN_UNDECLARED_SELECTOR = YES;
				GCC_WARN_UNINITIALIZED_AUTOS = YES_AGGRESSIVE;
				GCC_WARN_UNUSED_FUNCTION = YES;
				GCC_WARN_UNUSED_VARIABLE = YES;
				IPHONEOS_DEPLOYMENT_TARGET = 9.3;
				MTL_ENABLE_DEBUG_INFO = NO;
				SDKROOT = iphoneos;
				SWIFT_OPTIMIZATION_LEVEL = "-Owholemodule";
				VALIDATE_PRODUCT = YES;
			};
			name = Release;
		};
		321C5A171CFC18BB0012B3AB /* Debug */ = {
			isa = XCBuildConfiguration;
			baseConfigurationReference = 2893867AE41353AC36C41113 /* Pods-alamofire_activity_logger-ios.debug.xcconfig */;
			buildSettings = {
				ALWAYS_EMBED_SWIFT_STANDARD_LIBRARIES = YES;
				ASSETCATALOG_COMPILER_APPICON_NAME = AppIcon;
				DEVELOPMENT_TEAM = CF864KN2XE;
				INFOPLIST_FILE = "$(SRCROOT)/ios/Info.plist";
				LD_RUNPATH_SEARCH_PATHS = "$(inherited) @executable_path/Frameworks";
				PRODUCT_BUNDLE_IDENTIFIER = "com.manuege.alamofire-activity-logger.ios";
				PRODUCT_NAME = "$(TARGET_NAME)";
				SWIFT_SWIFT3_OBJC_INFERENCE = Default;
				SWIFT_VERSION = 4.0;
			};
			name = Debug;
		};
		321C5A181CFC18BB0012B3AB /* Release */ = {
			isa = XCBuildConfiguration;
			baseConfigurationReference = 250FDE90CBCAD21F9E2D7C79 /* Pods-alamofire_activity_logger-ios.release.xcconfig */;
			buildSettings = {
				ALWAYS_EMBED_SWIFT_STANDARD_LIBRARIES = YES;
				ASSETCATALOG_COMPILER_APPICON_NAME = AppIcon;
				DEVELOPMENT_TEAM = CF864KN2XE;
				INFOPLIST_FILE = "$(SRCROOT)/ios/Info.plist";
				LD_RUNPATH_SEARCH_PATHS = "$(inherited) @executable_path/Frameworks";
				PRODUCT_BUNDLE_IDENTIFIER = "com.manuege.alamofire-activity-logger.ios";
				PRODUCT_NAME = "$(TARGET_NAME)";
				SWIFT_SWIFT3_OBJC_INFERENCE = Default;
				SWIFT_VERSION = 4.0;
			};
			name = Release;
		};
		3266F7B21DB7F65800439950 /* Debug */ = {
			isa = XCBuildConfiguration;
			baseConfigurationReference = F389739BA3908F8BA0444927 /* Pods-alamofire_activity_logger-macos.debug.xcconfig */;
			buildSettings = {
				ASSETCATALOG_COMPILER_APPICON_NAME = AppIcon;
				CLANG_WARN_DOCUMENTATION_COMMENTS = YES;
				CLANG_WARN_SUSPICIOUS_MOVES = YES;
				CODE_SIGN_IDENTITY = "-";
				COMBINE_HIDPI_IMAGES = YES;
				DEVELOPMENT_TEAM = CF864KN2XE;
				INFOPLIST_FILE = macos/Info.plist;
				LD_RUNPATH_SEARCH_PATHS = "$(inherited) @executable_path/../Frameworks";
				MACOSX_DEPLOYMENT_TARGET = 10.12;
				PRODUCT_BUNDLE_IDENTIFIER = "com.manuege.alamofire-activity-logger.macos";
				PRODUCT_NAME = "$(TARGET_NAME)";
				SDKROOT = macosx;
				SWIFT_ACTIVE_COMPILATION_CONDITIONS = DEBUG;
				SWIFT_VERSION = 3.0;
			};
			name = Debug;
		};
		3266F7B31DB7F65800439950 /* Release */ = {
			isa = XCBuildConfiguration;
			baseConfigurationReference = 1E108277DBABBE29D9830D62 /* Pods-alamofire_activity_logger-macos.release.xcconfig */;
			buildSettings = {
				ASSETCATALOG_COMPILER_APPICON_NAME = AppIcon;
				CLANG_WARN_DOCUMENTATION_COMMENTS = YES;
				CLANG_WARN_SUSPICIOUS_MOVES = YES;
				CODE_SIGN_IDENTITY = "-";
				COMBINE_HIDPI_IMAGES = YES;
				DEVELOPMENT_TEAM = CF864KN2XE;
				INFOPLIST_FILE = macos/Info.plist;
				LD_RUNPATH_SEARCH_PATHS = "$(inherited) @executable_path/../Frameworks";
				MACOSX_DEPLOYMENT_TARGET = 10.12;
				PRODUCT_BUNDLE_IDENTIFIER = "com.manuege.alamofire-activity-logger.macos";
				PRODUCT_NAME = "$(TARGET_NAME)";
				SDKROOT = macosx;
				SWIFT_VERSION = 3.0;
			};
			name = Release;
		};
		3266F8091DB8063100439950 /* Debug */ = {
			isa = XCBuildConfiguration;
			baseConfigurationReference = 72D2873D0A8A9C8E20159AB0 /* Pods-alamofire_activity_logger-watchos Extension.debug.xcconfig */;
			buildSettings = {
				ASSETCATALOG_COMPILER_COMPLICATION_NAME = Complication;
				CLANG_WARN_DOCUMENTATION_COMMENTS = YES;
				CLANG_WARN_SUSPICIOUS_MOVES = YES;
				DEVELOPMENT_TEAM = CF864KN2XE;
				INFOPLIST_FILE = "watchos Extension/Info.plist";
				LD_RUNPATH_SEARCH_PATHS = "$(inherited) @executable_path/Frameworks @executable_path/../../Frameworks";
				PRODUCT_BUNDLE_IDENTIFIER = "com.manuege.alamofire-activity-logger.ios.watchkitapp.watchkitextension";
				PRODUCT_NAME = "${TARGET_NAME}";
				SDKROOT = watchos;
				SKIP_INSTALL = YES;
				SWIFT_ACTIVE_COMPILATION_CONDITIONS = DEBUG;
				SWIFT_SWIFT3_OBJC_INFERENCE = Default;
				SWIFT_VERSION = 4.0;
				TARGETED_DEVICE_FAMILY = 4;
				WATCHOS_DEPLOYMENT_TARGET = 3.0;
			};
			name = Debug;
		};
		3266F80A1DB8063100439950 /* Release */ = {
			isa = XCBuildConfiguration;
			baseConfigurationReference = AA8635FB0650DAC2EA67ABE0 /* Pods-alamofire_activity_logger-watchos Extension.release.xcconfig */;
			buildSettings = {
				ASSETCATALOG_COMPILER_COMPLICATION_NAME = Complication;
				CLANG_WARN_DOCUMENTATION_COMMENTS = YES;
				CLANG_WARN_SUSPICIOUS_MOVES = YES;
				DEVELOPMENT_TEAM = CF864KN2XE;
				INFOPLIST_FILE = "watchos Extension/Info.plist";
				LD_RUNPATH_SEARCH_PATHS = "$(inherited) @executable_path/Frameworks @executable_path/../../Frameworks";
				PRODUCT_BUNDLE_IDENTIFIER = "com.manuege.alamofire-activity-logger.ios.watchkitapp.watchkitextension";
				PRODUCT_NAME = "${TARGET_NAME}";
				SDKROOT = watchos;
				SKIP_INSTALL = YES;
				SWIFT_SWIFT3_OBJC_INFERENCE = Default;
				SWIFT_VERSION = 4.0;
				TARGETED_DEVICE_FAMILY = 4;
				WATCHOS_DEPLOYMENT_TARGET = 3.0;
			};
			name = Release;
		};
		3266F80D1DB8063100439950 /* Debug */ = {
			isa = XCBuildConfiguration;
			buildSettings = {
				ALWAYS_EMBED_SWIFT_STANDARD_LIBRARIES = YES;
				ASSETCATALOG_COMPILER_APPICON_NAME = AppIcon;
				CLANG_WARN_DOCUMENTATION_COMMENTS = YES;
				CLANG_WARN_SUSPICIOUS_MOVES = YES;
				DEVELOPMENT_TEAM = CF864KN2XE;
				IBSC_MODULE = watchos_Extension;
				INFOPLIST_FILE = watchos/Info.plist;
				PRODUCT_BUNDLE_IDENTIFIER = "com.manuege.alamofire-activity-logger.ios.watchkitapp";
				PRODUCT_NAME = "$(TARGET_NAME)";
				SDKROOT = watchos;
				SKIP_INSTALL = YES;
				SWIFT_ACTIVE_COMPILATION_CONDITIONS = DEBUG;
				SWIFT_VERSION = 3.0;
				TARGETED_DEVICE_FAMILY = 4;
				WATCHOS_DEPLOYMENT_TARGET = 3.0;
			};
			name = Debug;
		};
		3266F80E1DB8063100439950 /* Release */ = {
			isa = XCBuildConfiguration;
			buildSettings = {
				ALWAYS_EMBED_SWIFT_STANDARD_LIBRARIES = YES;
				ASSETCATALOG_COMPILER_APPICON_NAME = AppIcon;
				CLANG_WARN_DOCUMENTATION_COMMENTS = YES;
				CLANG_WARN_SUSPICIOUS_MOVES = YES;
				DEVELOPMENT_TEAM = CF864KN2XE;
				IBSC_MODULE = watchos_Extension;
				INFOPLIST_FILE = watchos/Info.plist;
				PRODUCT_BUNDLE_IDENTIFIER = "com.manuege.alamofire-activity-logger.ios.watchkitapp";
				PRODUCT_NAME = "$(TARGET_NAME)";
				SDKROOT = watchos;
				SKIP_INSTALL = YES;
				SWIFT_VERSION = 3.0;
				TARGETED_DEVICE_FAMILY = 4;
				WATCHOS_DEPLOYMENT_TARGET = 3.0;
			};
			name = Release;
		};
		3266F8201DB8094100439950 /* Debug */ = {
			isa = XCBuildConfiguration;
			baseConfigurationReference = 8721B0F84A15E24B7568E3FB /* Pods-alamofire_activity_logger-tvos.debug.xcconfig */;
			buildSettings = {
				ASSETCATALOG_COMPILER_APPICON_NAME = "App Icon & Top Shelf Image";
				ASSETCATALOG_COMPILER_LAUNCHIMAGE_NAME = LaunchImage;
				CLANG_WARN_DOCUMENTATION_COMMENTS = YES;
				CLANG_WARN_SUSPICIOUS_MOVES = YES;
				DEVELOPMENT_TEAM = CF864KN2XE;
				INFOPLIST_FILE = tvos/Info.plist;
				LD_RUNPATH_SEARCH_PATHS = "$(inherited) @executable_path/Frameworks";
				PRODUCT_BUNDLE_IDENTIFIER = "com.manuege.alamofire-activity-logger.tvos";
				PRODUCT_NAME = "$(TARGET_NAME)";
				SDKROOT = appletvos;
				SWIFT_ACTIVE_COMPILATION_CONDITIONS = DEBUG;
				SWIFT_VERSION = 3.0;
				TARGETED_DEVICE_FAMILY = 3;
				TVOS_DEPLOYMENT_TARGET = 10.0;
			};
			name = Debug;
		};
		3266F8211DB8094100439950 /* Release */ = {
			isa = XCBuildConfiguration;
			baseConfigurationReference = 112D5E75CD6F0DF1C21500ED /* Pods-alamofire_activity_logger-tvos.release.xcconfig */;
			buildSettings = {
				ASSETCATALOG_COMPILER_APPICON_NAME = "App Icon & Top Shelf Image";
				ASSETCATALOG_COMPILER_LAUNCHIMAGE_NAME = LaunchImage;
				CLANG_WARN_DOCUMENTATION_COMMENTS = YES;
				CLANG_WARN_SUSPICIOUS_MOVES = YES;
				DEVELOPMENT_TEAM = CF864KN2XE;
				INFOPLIST_FILE = tvos/Info.plist;
				LD_RUNPATH_SEARCH_PATHS = "$(inherited) @executable_path/Frameworks";
				PRODUCT_BUNDLE_IDENTIFIER = "com.manuege.alamofire-activity-logger.tvos";
				PRODUCT_NAME = "$(TARGET_NAME)";
				SDKROOT = appletvos;
				SWIFT_VERSION = 3.0;
				TARGETED_DEVICE_FAMILY = 3;
				TVOS_DEPLOYMENT_TARGET = 10.0;
			};
			name = Release;
		};
/* End XCBuildConfiguration section */

/* Begin XCConfigurationList section */
		321C59FF1CFC18BB0012B3AB /* Build configuration list for PBXProject "alamofire_activity_logger" */ = {
			isa = XCConfigurationList;
			buildConfigurations = (
				321C5A141CFC18BB0012B3AB /* Debug */,
				321C5A151CFC18BB0012B3AB /* Release */,
			);
			defaultConfigurationIsVisible = 0;
			defaultConfigurationName = Release;
		};
		321C5A161CFC18BB0012B3AB /* Build configuration list for PBXNativeTarget "ios" */ = {
			isa = XCConfigurationList;
			buildConfigurations = (
				321C5A171CFC18BB0012B3AB /* Debug */,
				321C5A181CFC18BB0012B3AB /* Release */,
			);
			defaultConfigurationIsVisible = 0;
			defaultConfigurationName = Release;
		};
		3266F7B11DB7F65800439950 /* Build configuration list for PBXNativeTarget "macos" */ = {
			isa = XCConfigurationList;
			buildConfigurations = (
				3266F7B21DB7F65800439950 /* Debug */,
				3266F7B31DB7F65800439950 /* Release */,
			);
			defaultConfigurationIsVisible = 0;
			defaultConfigurationName = Release;
		};
		3266F8081DB8063100439950 /* Build configuration list for PBXNativeTarget "watchos Extension" */ = {
			isa = XCConfigurationList;
			buildConfigurations = (
				3266F8091DB8063100439950 /* Debug */,
				3266F80A1DB8063100439950 /* Release */,
			);
			defaultConfigurationIsVisible = 0;
			defaultConfigurationName = Release;
		};
		3266F80C1DB8063100439950 /* Build configuration list for PBXNativeTarget "watchos" */ = {
			isa = XCConfigurationList;
			buildConfigurations = (
				3266F80D1DB8063100439950 /* Debug */,
				3266F80E1DB8063100439950 /* Release */,
			);
			defaultConfigurationIsVisible = 0;
			defaultConfigurationName = Release;
		};
		3266F8221DB8094100439950 /* Build configuration list for PBXNativeTarget "tvos" */ = {
			isa = XCConfigurationList;
			buildConfigurations = (
				3266F8201DB8094100439950 /* Debug */,
				3266F8211DB8094100439950 /* Release */,
			);
			defaultConfigurationIsVisible = 0;
			defaultConfigurationName = Release;
		};
/* End XCConfigurationList section */
	};
	rootObject = 321C59FC1CFC18BB0012B3AB /* Project object */;
}
